
Microsoft Visual Studio Solution File, Format Version 12.00
# Visual Studio Version 17
VisualStudioVersion = 17.0.31903.59
MinimumVisualStudioVersion = 10.0.40219.1
Project("{2150E333-8FDC-42A3-9474-1A3956D46DE8}") = "src", "src", "{9715D069-F353-4EDC-8F5C-5D2C6675DAB7}"
EndProject
Project("{2150E333-8FDC-42A3-9474-1A3956D46DE8}") = "SharedKernel", "SharedKernel", "{C4BA6658-74C9-47F9-8F52-530D93ED5990}"
EndProject
Project("{FAE04EC0-301F-11D3-BF4B-00C04F79EFBC}") = "TechQA.SharedKernel", "src\SharedKernel\TechQA.SharedKernel\TechQA.SharedKernel.csproj", "{C1492AAD-7545-41ED-A2D0-D7795277F98E}"
EndProject
Project("{2150E333-8FDC-42A3-9474-1A3956D46DE8}") = "Services", "Services", "{20965712-99EA-4EA8-B8FA-162879297679}"
EndProject
Project("{2150E333-8FDC-42A3-9474-1A3956D46DE8}") = "SectionService", "SectionService", "{8B19263C-B46C-4C5A-82BC-CCBA9D1107AC}"
EndProject
Project("{FAE04EC0-301F-11D3-BF4B-00C04F79EFBC}") = "TechQA.SectionService", "src\Services\SectionService\TechQA.SectionService\TechQA.SectionService.csproj", "{F78A20D3-E257-4C31-A34D-58127C38A9E2}"
EndProject
Project("{2150E333-8FDC-42A3-9474-1A3956D46DE8}") = "QAService", "QAService", "{6292AADB-63F8-4114-AC5A-6012EF76E9DF}"
EndProject
Project("{FAE04EC0-301F-11D3-BF4B-00C04F79EFBC}") = "TechQA.QAService", "src\Services\QAService\TechQA.QAService\TechQA.QAService.csproj", "{63D2D5A9-9811-49CE-B926-E9DC82226901}"
EndProject
Project("{2150E333-8FDC-42A3-9474-1A3956D46DE8}") = "ApiGateway", "ApiGateway", "{5FBE89BA-17F9-4DC5-BCD6-4FD057B2552C}"
EndProject
Project("{FAE04EC0-301F-11D3-BF4B-00C04F79EFBC}") = "TechQA.ApiGateway", "src\ApiGateway\TechQA.ApiGateway\TechQA.ApiGateway.csproj", "{6A555A6C-3D5C-454B-BBE3-69926490179B}"
EndProject
Global
	GlobalSection(SolutionConfigurationPlatforms) = preSolution
		Debug|Any CPU = Debug|Any CPU
		Release|Any CPU = Release|Any CPU
	EndGlobalSection
	GlobalSection(SolutionProperties) = preSolution
		HideSolutionNode = FALSE
	EndGlobalSection
	GlobalSection(ProjectConfigurationPlatforms) = postSolution
		{C1492AAD-7545-41ED-A2D0-D7795277F98E}.Debug|Any CPU.ActiveCfg = Debug|Any CPU
		{C1492AAD-7545-41ED-A2D0-D7795277F98E}.Debug|Any CPU.Build.0 = Debug|Any CPU
		{C1492AAD-7545-41ED-A2D0-D7795277F98E}.Release|Any CPU.ActiveCfg = Release|Any CPU
		{C1492AAD-7545-41ED-A2D0-D7795277F98E}.Release|Any CPU.Build.0 = Release|Any CPU
		{F78A20D3-E257-4C31-A34D-58127C38A9E2}.Debug|Any CPU.ActiveCfg = Debug|Any CPU
		{F78A20D3-E257-4C31-A34D-58127C38A9E2}.Debug|Any CPU.Build.0 = Debug|Any CPU
		{F78A20D3-E257-4C31-A34D-58127C38A9E2}.Release|Any CPU.ActiveCfg = Release|Any CPU
		{F78A20D3-E257-4C31-A34D-58127C38A9E2}.Release|Any CPU.Build.0 = Release|Any CPU
		{63D2D5A9-9811-49CE-B926-E9DC82226901}.Debug|Any CPU.ActiveCfg = Debug|Any CPU
		{63D2D5A9-9811-49CE-B926-E9DC82226901}.Debug|Any CPU.Build.0 = Debug|Any CPU
		{63D2D5A9-9811-49CE-B926-E9DC82226901}.Release|Any CPU.ActiveCfg = Release|Any CPU
		{63D2D5A9-9811-49CE-B926-E9DC82226901}.Release|Any CPU.Build.0 = Release|Any CPU
		{6A555A6C-3D5C-454B-BBE3-69926490179B}.Debug|Any CPU.ActiveCfg = Debug|Any CPU
		{6A555A6C-3D5C-454B-BBE3-69926490179B}.Debug|Any CPU.Build.0 = Debug|Any CPU
		{6A555A6C-3D5C-454B-BBE3-69926490179B}.Release|Any CPU.ActiveCfg = Release|Any CPU
		{6A555A6C-3D5C-454B-BBE3-69926490179B}.Release|Any CPU.Build.0 = Release|Any CPU
	EndGlobalSection
	GlobalSection(NestedProjects) = preSolution
		{C4BA6658-74C9-47F9-8F52-530D93ED5990} = {9715D069-F353-4EDC-8F5C-5D2C6675DAB7}
		{C1492AAD-7545-41ED-A2D0-D7795277F98E} = {C4BA6658-74C9-47F9-8F52-530D93ED5990}
		{20965712-99EA-4EA8-B8FA-162879297679} = {9715D069-F353-4EDC-8F5C-5D2C6675DAB7}
		{8B19263C-B46C-4C5A-82BC-CCBA9D1107AC} = {20965712-99EA-4EA8-B8FA-162879297679}
		{F78A20D3-E257-4C31-A34D-58127C38A9E2} = {8B19263C-B46C-4C5A-82BC-CCBA9D1107AC}
		{6292AADB-63F8-4114-AC5A-6012EF76E9DF} = {20965712-99EA-4EA8-B8FA-162879297679}
		{63D2D5A9-9811-49CE-B926-E9DC82226901} = {6292AADB-63F8-4114-AC5A-6012EF76E9DF}
		{5FBE89BA-17F9-4DC5-BCD6-4FD057B2552C} = {9715D069-F353-4EDC-8F5C-5D2C6675DAB7}
		{6A555A6C-3D5C-454B-BBE3-69926490179B} = {5FBE89BA-17F9-4DC5-BCD6-4FD057B2552C}
	EndGlobalSection
EndGlobal
